
Microsoft Visual Studio Solution File, Format Version 12.00
# Visual Studio Version 17
VisualStudioVersion = 17.13.35825.156
MinimumVisualStudioVersion = 10.0.40219.1
Project("{FAE04EC0-301F-11D3-BF4B-00C04F79EFBC}") = "Camt053Validator", "src\Camt053Validator\Camt053Validator.csproj", "{9C83FFBF-ABEE-69B9-E4EB-1BBF1A173F79}"
EndProject
Project("{2150E333-8FDC-42A3-9474-1A3956D46DE8}") = "Resources", "Resources", "{02EA681E-C7D8-13C7-8484-4AC65E1B71E8}"
	ProjectSection(SolutionItems) = preProject
		resources\camt.053.001.02.xsd = resources\camt.053.001.02.xsd
	EndProjectSection
EndProject
Global
	GlobalSection(SolutionConfigurationPlatforms) = preSolution
		Debug|Any CPU = Debug|Any CPU
		Release|Any CPU = Release|Any CPU
	EndGlobalSection
	GlobalSection(ProjectConfigurationPlatforms) = postSolution
		{9C83FFBF-ABEE-69B9-E4EB-1BBF1A173F79}.Debug|Any CPU.ActiveCfg = Debug|Any CPU
		{9C83FFBF-ABEE-69B9-E4EB-1BBF1A173F79}.Debug|Any CPU.Build.0 = Debug|Any CPU
		{9C83FFBF-ABEE-69B9-E4EB-1BBF1A173F79}.Release|Any CPU.ActiveCfg = Release|Any CPU
		{9C83FFBF-ABEE-69B9-E4EB-1BBF1A173F79}.Release|Any CPU.Build.0 = Release|Any CPU
	EndGlobalSection
	GlobalSection(SolutionProperties) = preSolution
		HideSolutionNode = FALSE
	EndGlobalSection
	GlobalSection(ExtensibilityGlobals) = postSolution
		SolutionGuid = {7A405253-A653-49E0-A05F-C59766B79E90}
	EndGlobalSection
EndGlobal
